
Microsoft Visual Studio Solution File, Format Version 12.00
# Visual Studio 14
VisualStudioVersion = 14.0.25420.1
MinimumVisualStudioVersion = 10.0.40219.1
Project("{FAE04EC0-301F-11D3-BF4B-00C04F79EFBC}") = "DataCentreWebServer", "DataCentreWebServer\DataCentreWebServer.csproj", "{B5662CFA-AD4E-44BA-BEFE-2405A09F4686}"
EndProject
Project("{2150E333-8FDC-42A3-9474-1A3956D46DE8}") = "Tests", "Tests", "{8DCBD914-7ABD-41D8-A8AE-594DFB8336AD}"
EndProject
Project("{FAE04EC0-301F-11D3-BF4B-00C04F79EFBC}") = "DataCentreWebServer.UnitTests", "DataCentreWebServer.UnitTests\DataCentreWebServer.UnitTests.csproj", "{7986B8FB-2A22-4987-BE3D-8AE093B61107}"
EndProject
Global
	GlobalSection(SolutionConfigurationPlatforms) = preSolution
		Debug|Any CPU = Debug|Any CPU
		Release|Any CPU = Release|Any CPU
	EndGlobalSection
	GlobalSection(ProjectConfigurationPlatforms) = postSolution
		{B5662CFA-AD4E-44BA-BEFE-2405A09F4686}.Debug|Any CPU.ActiveCfg = Debug|Any CPU
		{B5662CFA-AD4E-44BA-BEFE-2405A09F4686}.Debug|Any CPU.Build.0 = Debug|Any CPU
		{B5662CFA-AD4E-44BA-BEFE-2405A09F4686}.Release|Any CPU.ActiveCfg = Release|Any CPU
		{B5662CFA-AD4E-44BA-BEFE-2405A09F4686}.Release|Any CPU.Build.0 = Release|Any CPU
		{7986B8FB-2A22-4987-BE3D-8AE093B61107}.Debug|Any CPU.ActiveCfg = Debug|Any CPU
		{7986B8FB-2A22-4987-BE3D-8AE093B61107}.Debug|Any CPU.Build.0 = Debug|Any CPU
		{7986B8FB-2A22-4987-BE3D-8AE093B61107}.Release|Any CPU.ActiveCfg = Release|Any CPU
		{7986B8FB-2A22-4987-BE3D-8AE093B61107}.Release|Any CPU.Build.0 = Release|Any CPU
	EndGlobalSection
	GlobalSection(SolutionProperties) = preSolution
		HideSolutionNode = FALSE
	EndGlobalSection
	GlobalSection(NestedProjects) = preSolution
		{7986B8FB-2A22-4987-BE3D-8AE093B61107} = {8DCBD914-7ABD-41D8-A8AE-594DFB8336AD}
	EndGlobalSection
EndGlobal
